// !$*UTF8*$!
{
	archiveVersion = 1;
	classes = {
	};
	objectVersion = 56;
	objects = {

/* Begin PBXBuildFile section */
		0DFB86502944D6CE0048B6DA /* AppDelegate.swift in Sources */ = {isa = PBXBuildFile; fileRef = 0DFB864F2944D6CE0048B6DA /* AppDelegate.swift */; };
		0DFB86522944D6CE0048B6DA /* SceneDelegate.swift in Sources */ = {isa = PBXBuildFile; fileRef = 0DFB86512944D6CE0048B6DA /* SceneDelegate.swift */; };
		0DFB86542944D6CE0048B6DA /* ViewController.swift in Sources */ = {isa = PBXBuildFile; fileRef = 0DFB86532944D6CE0048B6DA /* ViewController.swift */; };
		0DFB86572944D6CE0048B6DA /* Main.storyboard in Resources */ = {isa = PBXBuildFile; fileRef = 0DFB86552944D6CE0048B6DA /* Main.storyboard */; };
		0DFB86592944D6D10048B6DA /* Assets.xcassets in Resources */ = {isa = PBXBuildFile; fileRef = 0DFB86582944D6D10048B6DA /* Assets.xcassets */; };
		0DFB865C2944D6D10048B6DA /* LaunchScreen.storyboard in Resources */ = {isa = PBXBuildFile; fileRef = 0DFB865A2944D6D10048B6DA /* LaunchScreen.storyboard */; };
		0DFB86672944D6D10048B6DA /* instaliteTests.swift in Sources */ = {isa = PBXBuildFile; fileRef = 0DFB86662944D6D10048B6DA /* instaliteTests.swift */; };
		0DFB86712944D6D10048B6DA /* instaliteUITests.swift in Sources */ = {isa = PBXBuildFile; fileRef = 0DFB86702944D6D10048B6DA /* instaliteUITests.swift */; };
		0DFB86732944D6D10048B6DA /* instaliteUITestsLaunchTests.swift in Sources */ = {isa = PBXBuildFile; fileRef = 0DFB86722944D6D10048B6DA /* instaliteUITestsLaunchTests.swift */; };
/* End PBXBuildFile section */

/* Begin PBXContainerItemProxy section */
		0DFB86632944D6D10048B6DA /* PBXContainerItemProxy */ = {
			isa = PBXContainerItemProxy;
			containerPortal = 0DFB86442944D6CE0048B6DA /* Project object */;
			proxyType = 1;
			remoteGlobalIDString = 0DFB864B2944D6CE0048B6DA;
			remoteInfo = instalite;
		};
		0DFB866D2944D6D10048B6DA /* PBXContainerItemProxy */ = {
			isa = PBXContainerItemProxy;
			containerPortal = 0DFB86442944D6CE0048B6DA /* Project object */;
			proxyType = 1;
			remoteGlobalIDString = 0DFB864B2944D6CE0048B6DA;
			remoteInfo = instalite;
		};
/* End PBXContainerItemProxy section */

/* Begin PBXFileReference section */
		0DFB864C2944D6CE0048B6DA /* instalite.app */ = {isa = PBXFileReference; explicitFileType = wrapper.application; includeInIndex = 0; path = instalite.app; sourceTree = BUILT_PRODUCTS_DIR; };
		0DFB864F2944D6CE0048B6DA /* AppDelegate.swift */ = {isa = PBXFileReference; lastKnownFileType = sourcecode.swift; path = AppDelegate.swift; sourceTree = "<group>"; };
		0DFB86512944D6CE0048B6DA /* SceneDelegate.swift */ = {isa = PBXFileReference; lastKnownFileType = sourcecode.swift; path = SceneDelegate.swift; sourceTree = "<group>"; };
		0DFB86532944D6CE0048B6DA /* ViewController.swift */ = {isa = PBXFileReference; lastKnownFileType = sourcecode.swift; path = ViewController.swift; sourceTree = "<group>"; };
		0DFB86562944D6CE0048B6DA /* Base */ = {isa = PBXFileReference; lastKnownFileType = file.storyboard; name = Base; path = Base.lproj/Main.storyboard; sourceTree = "<group>"; };
		0DFB86582944D6D10048B6DA /* Assets.xcassets */ = {isa = PBXFileReference; lastKnownFileType = folder.assetcatalog; path = Assets.xcassets; sourceTree = "<group>"; };
		0DFB865B2944D6D10048B6DA /* Base */ = {isa = PBXFileReference; lastKnownFileType = file.storyboard; name = Base; path = Base.lproj/LaunchScreen.storyboard; sourceTree = "<group>"; };
		0DFB865D2944D6D10048B6DA /* Info.plist */ = {isa = PBXFileReference; lastKnownFileType = text.plist.xml; path = Info.plist; sourceTree = "<group>"; };
		0DFB86622944D6D10048B6DA /* instaliteTests.xctest */ = {isa = PBXFileReference; explicitFileType = wrapper.cfbundle; includeInIndex = 0; path = instaliteTests.xctest; sourceTree = BUILT_PRODUCTS_DIR; };
		0DFB86662944D6D10048B6DA /* instaliteTests.swift */ = {isa = PBXFileReference; lastKnownFileType = sourcecode.swift; path = instaliteTests.swift; sourceTree = "<group>"; };
		0DFB866C2944D6D10048B6DA /* instaliteUITests.xctest */ = {isa = PBXFileReference; explicitFileType = wrapper.cfbundle; includeInIndex = 0; path = instaliteUITests.xctest; sourceTree = BUILT_PRODUCTS_DIR; };
		0DFB86702944D6D10048B6DA /* instaliteUITests.swift */ = {isa = PBXFileReference; lastKnownFileType = sourcecode.swift; path = instaliteUITests.swift; sourceTree = "<group>"; };
		0DFB86722944D6D10048B6DA /* instaliteUITestsLaunchTests.swift */ = {isa = PBXFileReference; lastKnownFileType = sourcecode.swift; path = instaliteUITestsLaunchTests.swift; sourceTree = "<group>"; };
/* End PBXFileReference section */

/* Begin PBXFrameworksBuildPhase section */
		0DFB86492944D6CE0048B6DA /* Frameworks */ = {
			isa = PBXFrameworksBuildPhase;
			buildActionMask = 2147483647;
			files = (
			);
			runOnlyForDeploymentPostprocessing = 0;
		};
		0DFB865F2944D6D10048B6DA /* Frameworks */ = {
			isa = PBXFrameworksBuildPhase;
			buildActionMask = 2147483647;
			files = (
			);
			runOnlyForDeploymentPostprocessing = 0;
		};
		0DFB86692944D6D10048B6DA /* Frameworks */ = {
			isa = PBXFrameworksBuildPhase;
			buildActionMask = 2147483647;
			files = (
			);
			runOnlyForDeploymentPostprocessing = 0;
		};
/* End PBXFrameworksBuildPhase section */

/* Begin PBXGroup section */
		0DFB86432944D6CE0048B6DA = {
			isa = PBXGroup;
			children = (
				0DFB864E2944D6CE0048B6DA /* instalite */,
				0DFB86652944D6D10048B6DA /* instaliteTests */,
				0DFB866F2944D6D10048B6DA /* instaliteUITests */,
				0DFB864D2944D6CE0048B6DA /* Products */,
			);
			sourceTree = "<group>";
		};
		0DFB864D2944D6CE0048B6DA /* Products */ = {
			isa = PBXGroup;
			children = (
				0DFB864C2944D6CE0048B6DA /* instalite.app */,
				0DFB86622944D6D10048B6DA /* instaliteTests.xctest */,
				0DFB866C2944D6D10048B6DA /* instaliteUITests.xctest */,
			);
			name = Products;
			sourceTree = "<group>";
		};
		0DFB864E2944D6CE0048B6DA /* instalite */ = {
			isa = PBXGroup;
			children = (
				0DFB864F2944D6CE0048B6DA /* AppDelegate.swift */,
				0DFB86512944D6CE0048B6DA /* SceneDelegate.swift */,
				0DFB86532944D6CE0048B6DA /* ViewController.swift */,
				0DFB86552944D6CE0048B6DA /* Main.storyboard */,
				0DFB86582944D6D10048B6DA /* Assets.xcassets */,
				0DFB865A2944D6D10048B6DA /* LaunchScreen.storyboard */,
				0DFB865D2944D6D10048B6DA /* Info.plist */,
			);
			path = instalite;
			sourceTree = "<group>";
		};
		0DFB86652944D6D10048B6DA /* instaliteTests */ = {
			isa = PBXGroup;
			children = (
				0DFB86662944D6D10048B6DA /* instaliteTests.swift */,
			);
			path = instaliteTests;
			sourceTree = "<group>";
		};
		0DFB866F2944D6D10048B6DA /* instaliteUITests */ = {
			isa = PBXGroup;
			children = (
				0DFB86702944D6D10048B6DA /* instaliteUITests.swift */,
				0DFB86722944D6D10048B6DA /* instaliteUITestsLaunchTests.swift */,
			);
			path = instaliteUITests;
			sourceTree = "<group>";
		};
/* End PBXGroup section */

/* Begin PBXNativeTarget section */
		0DFB864B2944D6CE0048B6DA /* instalite */ = {
			isa = PBXNativeTarget;
			buildConfigurationList = 0DFB86762944D6D10048B6DA /* Build configuration list for PBXNativeTarget "instalite" */;
			buildPhases = (
				0DFB86482944D6CE0048B6DA /* Sources */,
				0DFB86492944D6CE0048B6DA /* Frameworks */,
				0DFB864A2944D6CE0048B6DA /* Resources */,
			);
			buildRules = (
			);
			dependencies = (
			);
			name = instalite;
			productName = instalite;
			productReference = 0DFB864C2944D6CE0048B6DA /* instalite.app */;
			productType = "com.apple.product-type.application";
		};
		0DFB86612944D6D10048B6DA /* instaliteTests */ = {
			isa = PBXNativeTarget;
			buildConfigurationList = 0DFB86792944D6D10048B6DA /* Build configuration list for PBXNativeTarget "instaliteTests" */;
			buildPhases = (
				0DFB865E2944D6D10048B6DA /* Sources */,
				0DFB865F2944D6D10048B6DA /* Frameworks */,
				0DFB86602944D6D10048B6DA /* Resources */,
			);
			buildRules = (
			);
			dependencies = (
				0DFB86642944D6D10048B6DA /* PBXTargetDependency */,
			);
			name = instaliteTests;
			productName = instaliteTests;
			productReference = 0DFB86622944D6D10048B6DA /* instaliteTests.xctest */;
			productType = "com.apple.product-type.bundle.unit-test";
		};
		0DFB866B2944D6D10048B6DA /* instaliteUITests */ = {
			isa = PBXNativeTarget;
			buildConfigurationList = 0DFB867C2944D6D10048B6DA /* Build configuration list for PBXNativeTarget "instaliteUITests" */;
			buildPhases = (
				0DFB86682944D6D10048B6DA /* Sources */,
				0DFB86692944D6D10048B6DA /* Frameworks */,
				0DFB866A2944D6D10048B6DA /* Resources */,
			);
			buildRules = (
			);
			dependencies = (
				0DFB866E2944D6D10048B6DA /* PBXTargetDependency */,
			);
			name = instaliteUITests;
			productName = instaliteUITests;
			productReference = 0DFB866C2944D6D10048B6DA /* instaliteUITests.xctest */;
			productType = "com.apple.product-type.bundle.ui-testing";
		};
/* End PBXNativeTarget section */

/* Begin PBXProject section */
		0DFB86442944D6CE0048B6DA /* Project object */ = {
			isa = PBXProject;
			attributes = {
				BuildIndependentTargetsInParallel = 1;
				LastSwiftUpdateCheck = 1400;
				LastUpgradeCheck = 1400;
				TargetAttributes = {
					0DFB864B2944D6CE0048B6DA = {
						CreatedOnToolsVersion = 14.0;
					};
					0DFB86612944D6D10048B6DA = {
						CreatedOnToolsVersion = 14.0;
						TestTargetID = 0DFB864B2944D6CE0048B6DA;
					};
					0DFB866B2944D6D10048B6DA = {
						CreatedOnToolsVersion = 14.0;
						TestTargetID = 0DFB864B2944D6CE0048B6DA;
					};
				};
			};
			buildConfigurationList = 0DFB86472944D6CE0048B6DA /* Build configuration list for PBXProject "instalite" */;
			compatibilityVersion = "Xcode 14.0";
			developmentRegion = en;
			hasScannedForEncodings = 0;
			knownRegions = (
				en,
				Base,
			);
			mainGroup = 0DFB86432944D6CE0048B6DA;
			productRefGroup = 0DFB864D2944D6CE0048B6DA /* Products */;
			projectDirPath = "";
			projectRoot = "";
			targets = (
				0DFB864B2944D6CE0048B6DA /* instalite */,
				0DFB86612944D6D10048B6DA /* instaliteTests */,
				0DFB866B2944D6D10048B6DA /* instaliteUITests */,
			);
		};
/* End PBXProject section */

/* Begin PBXResourcesBuildPhase section */
		0DFB864A2944D6CE0048B6DA /* Resources */ = {
			isa = PBXResourcesBuildPhase;
			buildActionMask = 2147483647;
			files = (
				0DFB865C2944D6D10048B6DA /* LaunchScreen.storyboard in Resources */,
				0DFB86592944D6D10048B6DA /* Assets.xcassets in Resources */,
				0DFB86572944D6CE0048B6DA /* Main.storyboard in Resources */,
			);
			runOnlyForDeploymentPostprocessing = 0;
		};
		0DFB86602944D6D10048B6DA /* Resources */ = {
			isa = PBXResourcesBuildPhase;
			buildActionMask = 2147483647;
			files = (
			);
			runOnlyForDeploymentPostprocessing = 0;
		};
		0DFB866A2944D6D10048B6DA /* Resources */ = {
			isa = PBXResourcesBuildPhase;
			buildActionMask = 2147483647;
			files = (
			);
			runOnlyForDeploymentPostprocessing = 0;
		};
/* End PBXResourcesBuildPhase section */

/* Begin PBXSourcesBuildPhase section */
		0DFB86482944D6CE0048B6DA /* Sources */ = {
			isa = PBXSourcesBuildPhase;
			buildActionMask = 2147483647;
			files = (
				0DFB86542944D6CE0048B6DA /* ViewController.swift in Sources */,
				0DFB86502944D6CE0048B6DA /* AppDelegate.swift in Sources */,
				0DFB86522944D6CE0048B6DA /* SceneDelegate.swift in Sources */,
			);
			runOnlyForDeploymentPostprocessing = 0;
		};
		0DFB865E2944D6D10048B6DA /* Sources */ = {
			isa = PBXSourcesBuildPhase;
			buildActionMask = 2147483647;
			files = (
				0DFB86672944D6D10048B6DA /* instaliteTests.swift in Sources */,
			);
			runOnlyForDeploymentPostprocessing = 0;
		};
		0DFB86682944D6D10048B6DA /* Sources */ = {
			isa = PBXSourcesBuildPhase;
			buildActionMask = 2147483647;
			files = (
				0DFB86732944D6D10048B6DA /* instaliteUITestsLaunchTests.swift in Sources */,
				0DFB86712944D6D10048B6DA /* instaliteUITests.swift in Sources */,
			);
			runOnlyForDeploymentPostprocessing = 0;
		};
/* End PBXSourcesBuildPhase section */

/* Begin PBXTargetDependency section */
		0DFB86642944D6D10048B6DA /* PBXTargetDependency */ = {
			isa = PBXTargetDependency;
			target = 0DFB864B2944D6CE0048B6DA /* instalite */;
			targetProxy = 0DFB86632944D6D10048B6DA /* PBXContainerItemProxy */;
		};
		0DFB866E2944D6D10048B6DA /* PBXTargetDependency */ = {
			isa = PBXTargetDependency;
			target = 0DFB864B2944D6CE0048B6DA /* instalite */;
			targetProxy = 0DFB866D2944D6D10048B6DA /* PBXContainerItemProxy */;
		};
/* End PBXTargetDependency section */

/* Begin PBXVariantGroup section */
		0DFB86552944D6CE0048B6DA /* Main.storyboard */ = {
			isa = PBXVariantGroup;
			children = (
				0DFB86562944D6CE0048B6DA /* Base */,
			);
			name = Main.storyboard;
			sourceTree = "<group>";
		};
		0DFB865A2944D6D10048B6DA /* LaunchScreen.storyboard */ = {
			isa = PBXVariantGroup;
			children = (
				0DFB865B2944D6D10048B6DA /* Base */,
			);
			name = LaunchScreen.storyboard;
			sourceTree = "<group>";
		};
/* End PBXVariantGroup section */

/* Begin XCBuildConfiguration section */
		0DFB86742944D6D10048B6DA /* Debug */ = {
			isa = XCBuildConfiguration;
			buildSettings = {
				ALWAYS_SEARCH_USER_PATHS = NO;
				CLANG_ANALYZER_NONNULL = YES;
				CLANG_ANALYZER_NUMBER_OBJECT_CONVERSION = YES_AGGRESSIVE;
				CLANG_CXX_LANGUAGE_STANDARD = "gnu++20";
				CLANG_ENABLE_MODULES = YES;
				CLANG_ENABLE_OBJC_ARC = YES;
				CLANG_ENABLE_OBJC_WEAK = YES;
				CLANG_WARN_BLOCK_CAPTURE_AUTORELEASING = YES;
				CLANG_WARN_BOOL_CONVERSION = YES;
				CLANG_WARN_COMMA = YES;
				CLANG_WARN_CONSTANT_CONVERSION = YES;
				CLANG_WARN_DEPRECATED_OBJC_IMPLEMENTATIONS = YES;
				CLANG_WARN_DIRECT_OBJC_ISA_USAGE = YES_ERROR;
				CLANG_WARN_DOCUMENTATION_COMMENTS = YES;
				CLANG_WARN_EMPTY_BODY = YES;
				CLANG_WARN_ENUM_CONVERSION = YES;
				CLANG_WARN_INFINITE_RECURSION = YES;
				CLANG_WARN_INT_CONVERSION = YES;
				CLANG_WARN_NON_LITERAL_NULL_CONVERSION = YES;
				CLANG_WARN_OBJC_IMPLICIT_RETAIN_SELF = YES;
				CLANG_WARN_OBJC_LITERAL_CONVERSION = YES;
				CLANG_WARN_OBJC_ROOT_CLASS = YES_ERROR;
				CLANG_WARN_QUOTED_INCLUDE_IN_FRAMEWORK_HEADER = YES;
				CLANG_WARN_RANGE_LOOP_ANALYSIS = YES;
				CLANG_WARN_STRICT_PROTOTYPES = YES;
				CLANG_WARN_SUSPICIOUS_MOVE = YES;
				CLANG_WARN_UNGUARDED_AVAILABILITY = YES_AGGRESSIVE;
				CLANG_WARN_UNREACHABLE_CODE = YES;
				CLANG_WARN__DUPLICATE_METHOD_MATCH = YES;
				COPY_PHASE_STRIP = NO;
				DEBUG_INFORMATION_FORMAT = dwarf;
				ENABLE_STRICT_OBJC_MSGSEND = YES;
				ENABLE_TESTABILITY = YES;
				GCC_C_LANGUAGE_STANDARD = gnu11;
				GCC_DYNAMIC_NO_PIC = NO;
				GCC_NO_COMMON_BLOCKS = YES;
				GCC_OPTIMIZATION_LEVEL = 0;
				GCC_PREPROCESSOR_DEFINITIONS = (
					"DEBUG=1",
					"$(inherited)",
				);
				GCC_WARN_64_TO_32_BIT_CONVERSION = YES;
				GCC_WARN_ABOUT_RETURN_TYPE = YES_ERROR;
				GCC_WARN_UNDECLARED_SELECTOR = YES;
				GCC_WARN_UNINITIALIZED_AUTOS = YES_AGGRESSIVE;
				GCC_WARN_UNUSED_FUNCTION = YES;
				GCC_WARN_UNUSED_VARIABLE = YES;
				IPHONEOS_DEPLOYMENT_TARGET = 16.0;
				MTL_ENABLE_DEBUG_INFO = INCLUDE_SOURCE;
				MTL_FAST_MATH = YES;
				ONLY_ACTIVE_ARCH = YES;
				SDKROOT = iphoneos;
				SWIFT_ACTIVE_COMPILATION_CONDITIONS = DEBUG;
				SWIFT_OPTIMIZATION_LEVEL = "-Onone";
			};
			name = Debug;
		};
		0DFB86752944D6D10048B6DA /* Release */ = {
			isa = XCBuildConfiguration;
			buildSettings = {
				ALWAYS_SEARCH_USER_PATHS = NO;
				CLANG_ANALYZER_NONNULL = YES;
				CLANG_ANALYZER_NUMBER_OBJECT_CONVERSION = YES_AGGRESSIVE;
				CLANG_CXX_LANGUAGE_STANDARD = "gnu++20";
				CLANG_ENABLE_MODULES = YES;
				CLANG_ENABLE_OBJC_ARC = YES;
				CLANG_ENABLE_OBJC_WEAK = YES;
				CLANG_WARN_BLOCK_CAPTURE_AUTORELEASING = YES;
				CLANG_WARN_BOOL_CONVERSION = YES;
				CLANG_WARN_COMMA = YES;
				CLANG_WARN_CONSTANT_CONVERSION = YES;
				CLANG_WARN_DEPRECATED_OBJC_IMPLEMENTATIONS = YES;
				CLANG_WARN_DIRECT_OBJC_ISA_USAGE = YES_ERROR;
				CLANG_WARN_DOCUMENTATION_COMMENTS = YES;
				CLANG_WARN_EMPTY_BODY = YES;
				CLANG_WARN_ENUM_CONVERSION = YES;
				CLANG_WARN_INFINITE_RECURSION = YES;
				CLANG_WARN_INT_CONVERSION = YES;
				CLANG_WARN_NON_LITERAL_NULL_CONVERSION = YES;
				CLANG_WARN_OBJC_IMPLICIT_RETAIN_SELF = YES;
				CLANG_WARN_OBJC_LITERAL_CONVERSION = YES;
				CLANG_WARN_OBJC_ROOT_CLASS = YES_ERROR;
				CLANG_WARN_QUOTED_INCLUDE_IN_FRAMEWORK_HEADER = YES;
				CLANG_WARN_RANGE_LOOP_ANALYSIS = YES;
				CLANG_WARN_STRICT_PROTOTYPES = YES;
				CLANG_WARN_SUSPICIOUS_MOVE = YES;
				CLANG_WARN_UNGUARDED_AVAILABILITY = YES_AGGRESSIVE;
				CLANG_WARN_UNREACHABLE_CODE = YES;
				CLANG_WARN__DUPLICATE_METHOD_MATCH = YES;
				COPY_PHASE_STRIP = NO;
				DEBUG_INFORMATION_FORMAT = "dwarf-with-dsym";
				ENABLE_NS_ASSERTIONS = NO;
				ENABLE_STRICT_OBJC_MSGSEND = YES;
				GCC_C_LANGUAGE_STANDARD = gnu11;
				GCC_NO_COMMON_BLOCKS = YES;
				GCC_WARN_64_TO_32_BIT_CONVERSION = YES;
				GCC_WARN_ABOUT_RETURN_TYPE = YES_ERROR;
				GCC_WARN_UNDECLARED_SELECTOR = YES;
				GCC_WARN_UNINITIALIZED_AUTOS = YES_AGGRESSIVE;
				GCC_WARN_UNUSED_FUNCTION = YES;
				GCC_WARN_UNUSED_VARIABLE = YES;
				IPHONEOS_DEPLOYMENT_TARGET = 16.0;
				MTL_ENABLE_DEBUG_INFO = NO;
				MTL_FAST_MATH = YES;
				SDKROOT = iphoneos;
				SWIFT_COMPILATION_MODE = wholemodule;
				SWIFT_OPTIMIZATION_LEVEL = "-O";
				VALIDATE_PRODUCT = YES;
			};
			name = Release;
		};
		0DFB86772944D6D10048B6DA /* Debug */ = {
			isa = XCBuildConfiguration;
			buildSettings = {
				ASSETCATALOG_COMPILER_APPICON_NAME = AppIcon;
				ASSETCATALOG_COMPILER_GLOBAL_ACCENT_COLOR_NAME = AccentColor;
				CODE_SIGN_STYLE = Automatic;
				CURRENT_PROJECT_VERSION = 1;
				GENERATE_INFOPLIST_FILE = YES;
				INFOPLIST_FILE = instalite/Info.plist;
				INFOPLIST_KEY_UIApplicationSupportsIndirectInputEvents = YES;
				INFOPLIST_KEY_UILaunchStoryboardName = LaunchScreen;
				INFOPLIST_KEY_UIMainStoryboardFile = Main;
				INFOPLIST_KEY_UISupportedInterfaceOrientations_iPad = "UIInterfaceOrientationPortrait UIInterfaceOrientationPortraitUpsideDown UIInterfaceOrientationLandscapeLeft UIInterfaceOrientationLandscapeRight";
				INFOPLIST_KEY_UISupportedInterfaceOrientations_iPhone = "UIInterfaceOrientationPortrait UIInterfaceOrientationLandscapeLeft UIInterfaceOrientationLandscapeRight";
				LD_RUNPATH_SEARCH_PATHS = (
					"$(inherited)",
					"@executable_path/Frameworks",
				);
				MARKETING_VERSION = 1.0;
				PRODUCT_BUNDLE_IDENTIFIER = com.notthereyet.org.instalite;
				PRODUCT_NAME = "$(TARGET_NAME)";
				SWIFT_EMIT_LOC_STRINGS = YES;
				SWIFT_VERSION = 5.0;
				TARGETED_DEVICE_FAMILY = "1,2";
			};
			name = Debug;
		};
		0DFB86782944D6D10048B6DA /* Release */ = {
			isa = XCBuildConfiguration;
			buildSettings = {
				ASSETCATALOG_COMPILER_APPICON_NAME = AppIcon;
				ASSETCATALOG_COMPILER_GLOBAL_ACCENT_COLOR_NAME = AccentColor;
				CODE_SIGN_STYLE = Automatic;
				CURRENT_PROJECT_VERSION = 1;
				GENERATE_INFOPLIST_FILE = YES;
				INFOPLIST_FILE = instalite/Info.plist;
				INFOPLIST_KEY_UIApplicationSupportsIndirectInputEvents = YES;
				INFOPLIST_KEY_UILaunchStoryboardName = LaunchScreen;
				INFOPLIST_KEY_UIMainStoryboardFile = Main;
				INFOPLIST_KEY_UISupportedInterfaceOrientations_iPad = "UIInterfaceOrientationPortrait UIInterfaceOrientationPortraitUpsideDown UIInterfaceOrientationLandscapeLeft UIInterfaceOrientationLandscapeRight";
				INFOPLIST_KEY_UISupportedInterfaceOrientations_iPhone = "UIInterfaceOrientationPortrait UIInterfaceOrientationLandscapeLeft UIInterfaceOrientationLandscapeRight";
				LD_RUNPATH_SEARCH_PATHS = (
					"$(inherited)",
					"@executable_path/Frameworks",
				);
				MARKETING_VERSION = 1.0;
				PRODUCT_BUNDLE_IDENTIFIER = com.notthereyet.org.instalite;
				PRODUCT_NAME = "$(TARGET_NAME)";
				SWIFT_EMIT_LOC_STRINGS = YES;
				SWIFT_VERSION = 5.0;
				TARGETED_DEVICE_FAMILY = "1,2";
			};
			name = Release;
		};
		0DFB867A2944D6D10048B6DA /* Debug */ = {
			isa = XCBuildConfiguration;
			buildSettings = {
				ALWAYS_EMBED_SWIFT_STANDARD_LIBRARIES = YES;
				BUNDLE_LOADER = "$(TEST_HOST)";
				CODE_SIGN_STYLE = Automatic;
				CURRENT_PROJECT_VERSION = 1;
				GENERATE_INFOPLIST_FILE = YES;
				IPHONEOS_DEPLOYMENT_TARGET = 16.0;
				MARKETING_VERSION = 1.0;
				PRODUCT_BUNDLE_IDENTIFIER = com.notthereyet.org.instaliteTests;
				PRODUCT_NAME = "$(TARGET_NAME)";
				SWIFT_EMIT_LOC_STRINGS = NO;
				SWIFT_VERSION = 5.0;
				TARGETED_DEVICE_FAMILY = "1,2";
				TEST_HOST = "$(BUILT_PRODUCTS_DIR)/instalite.app/$(BUNDLE_EXECUTABLE_FOLDER_PATH)/instalite";
			};
			name = Debug;
		};
		0DFB867B2944D6D10048B6DA /* Release */ = {
			isa = XCBuildConfiguration;
			buildSettings = {
				ALWAYS_EMBED_SWIFT_STANDARD_LIBRARIES = YES;
				BUNDLE_LOADER = "$(TEST_HOST)";
				CODE_SIGN_STYLE = Automatic;
				CURRENT_PROJECT_VERSION = 1;
				GENERATE_INFOPLIST_FILE = YES;
				IPHONEOS_DEPLOYMENT_TARGET = 16.0;
				MARKETING_VERSION = 1.0;
				PRODUCT_BUNDLE_IDENTIFIER = com.notthereyet.org.instaliteTests;
				PRODUCT_NAME = "$(TARGET_NAME)";
				SWIFT_EMIT_LOC_STRINGS = NO;
				SWIFT_VERSION = 5.0;
				TARGETED_DEVICE_FAMILY = "1,2";
				TEST_HOST = "$(BUILT_PRODUCTS_DIR)/instalite.app/$(BUNDLE_EXECUTABLE_FOLDER_PATH)/instalite";
			};
			name = Release;
		};
		0DFB867D2944D6D10048B6DA /* Debug */ = {
			isa = XCBuildConfiguration;
			buildSettings = {
				ALWAYS_EMBED_SWIFT_STANDARD_LIBRARIES = YES;
				CODE_SIGN_STYLE = Automatic;
				CURRENT_PROJECT_VERSION = 1;
				GENERATE_INFOPLIST_FILE = YES;
				MARKETING_VERSION = 1.0;
				PRODUCT_BUNDLE_IDENTIFIER = com.notthereyet.org.instaliteUITests;
				PRODUCT_NAME = "$(TARGET_NAME)";
				SWIFT_EMIT_LOC_STRINGS = NO;
				SWIFT_VERSION = 5.0;
				TARGETED_DEVICE_FAMILY = "1,2";
				TEST_TARGET_NAME = instalite;
			};
			name = Debug;
		};
		0DFB867E2944D6D10048B6DA /* Release */ = {
			isa = XCBuildConfiguration;
			buildSettings = {
				ALWAYS_EMBED_SWIFT_STANDARD_LIBRARIES = YES;
				CODE_SIGN_STYLE = Automatic;
				CURRENT_PROJECT_VERSION = 1;
				GENERATE_INFOPLIST_FILE = YES;
				MARKETING_VERSION = 1.0;
				PRODUCT_BUNDLE_IDENTIFIER = com.notthereyet.org.instaliteUITests;
				PRODUCT_NAME = "$(TARGET_NAME)";
				SWIFT_EMIT_LOC_STRINGS = NO;
				SWIFT_VERSION = 5.0;
				TARGETED_DEVICE_FAMILY = "1,2";
				TEST_TARGET_NAME = instalite;
			};
			name = Release;
		};
/* End XCBuildConfiguration section */

/* Begin XCConfigurationList section */
		0DFB86472944D6CE0048B6DA /* Build configuration list for PBXProject "instalite" */ = {
			isa = XCConfigurationList;
			buildConfigurations = (
				0DFB86742944D6D10048B6DA /* Debug */,
				0DFB86752944D6D10048B6DA /* Release */,
			);
			defaultConfigurationIsVisible = 0;
			defaultConfigurationName = Release;
		};
		0DFB86762944D6D10048B6DA /* Build configuration list for PBXNativeTarget "instalite" */ = {
			isa = XCConfigurationList;
			buildConfigurations = (
				0DFB86772944D6D10048B6DA /* Debug */,
				0DFB86782944D6D10048B6DA /* Release */,
			);
			defaultConfigurationIsVisible = 0;
			defaultConfigurationName = Release;
		};
		0DFB86792944D6D10048B6DA /* Build configuration list for PBXNativeTarget "instaliteTests" */ = {
			isa = XCConfigurationList;
			buildConfigurations = (
				0DFB867A2944D6D10048B6DA /* Debug */,
				0DFB867B2944D6D10048B6DA /* Release */,
			);
			defaultConfigurationIsVisible = 0;
			defaultConfigurationName = Release;
		};
		0DFB867C2944D6D10048B6DA /* Build configuration list for PBXNativeTarget "instaliteUITests" */ = {
			isa = XCConfigurationList;
			buildConfigurations = (
				0DFB867D2944D6D10048B6DA /* Debug */,
				0DFB867E2944D6D10048B6DA /* Release */,
			);
			defaultConfigurationIsVisible = 0;
			defaultConfigurationName = Release;
		};
/* End XCConfigurationList section */
	};
	rootObject = 0DFB86442944D6CE0048B6DA /* Project object */;
}
