// !$*UTF8*$!
{
	archiveVersion = 1;
	classes = {
	};
	objectVersion = 56;
	objects = {

/* Begin PBXBuildFile section */
		0D97B3FE29461F2000F215D1 /* UIColor+Extensions.swift in Sources */ = {isa = PBXBuildFile; fileRef = 0D97B3FD29461F2000F215D1 /* UIColor+Extensions.swift */; };
		0D97B40129461F8400F215D1 /* Theme.swift in Sources */ = {isa = PBXBuildFile; fileRef = 0D97B40029461F8400F215D1 /* Theme.swift */; };
		0D97B4032946215300F215D1 /* HomeCollectionViewCell.swift in Sources */ = {isa = PBXBuildFile; fileRef = 0D97B4022946215300F215D1 /* HomeCollectionViewCell.swift */; };
		0D97B4062946220D00F215D1 /* SDWebImage in Frameworks */ = {isa = PBXBuildFile; productRef = 0D97B4052946220D00F215D1 /* SDWebImage */; };
		0D97B4082946280E00F215D1 /* UIView+Extensions.swift in Sources */ = {isa = PBXBuildFile; fileRef = 0D97B4072946280E00F215D1 /* UIView+Extensions.swift */; };
		0DFB86502944D6CE0048B6DA /* AppDelegate.swift in Sources */ = {isa = PBXBuildFile; fileRef = 0DFB864F2944D6CE0048B6DA /* AppDelegate.swift */; };
		0DFB86592944D6D10048B6DA /* Assets.xcassets in Resources */ = {isa = PBXBuildFile; fileRef = 0DFB86582944D6D10048B6DA /* Assets.xcassets */; };
		0DFB865C2944D6D10048B6DA /* LaunchScreen.storyboard in Resources */ = {isa = PBXBuildFile; fileRef = 0DFB865A2944D6D10048B6DA /* LaunchScreen.storyboard */; };
		0DFB86672944D6D10048B6DA /* instaliteTests.swift in Sources */ = {isa = PBXBuildFile; fileRef = 0DFB86662944D6D10048B6DA /* instaliteTests.swift */; };
		0DFB86712944D6D10048B6DA /* instaliteUITests.swift in Sources */ = {isa = PBXBuildFile; fileRef = 0DFB86702944D6D10048B6DA /* instaliteUITests.swift */; };
		0DFB86732944D6D10048B6DA /* instaliteUITestsLaunchTests.swift in Sources */ = {isa = PBXBuildFile; fileRef = 0DFB86722944D6D10048B6DA /* instaliteUITestsLaunchTests.swift */; };
		0DFB86842944DDBB0048B6DA /* Localizable.strings in Resources */ = {isa = PBXBuildFile; fileRef = 0DFB86862944DDBB0048B6DA /* Localizable.strings */; };
		0DFB868C2944E0BF0048B6DA /* Colors.xcassets in Resources */ = {isa = PBXBuildFile; fileRef = 0DFB868B2944E0BF0048B6DA /* Colors.xcassets */; };
		0DFB868F2944EA5C0048B6DA /* AppCoordinator.swift in Sources */ = {isa = PBXBuildFile; fileRef = 0DFB868E2944EA5C0048B6DA /* AppCoordinator.swift */; };
		0DFB86932944EC920048B6DA /* HomeViewController.swift in Sources */ = {isa = PBXBuildFile; fileRef = 0DFB86922944EC920048B6DA /* HomeViewController.swift */; };
		0DFB86952944ECA00048B6DA /* HomeViewModel.swift in Sources */ = {isa = PBXBuildFile; fileRef = 0DFB86942944ECA00048B6DA /* HomeViewModel.swift */; };
		0DFB86992944F02B0048B6DA /* NetworkRequest.swift in Sources */ = {isa = PBXBuildFile; fileRef = 0DFB86982944F02B0048B6DA /* NetworkRequest.swift */; };
		0DFB869B2944F03A0048B6DA /* HTTPMethod.swift in Sources */ = {isa = PBXBuildFile; fileRef = 0DFB869A2944F03A0048B6DA /* HTTPMethod.swift */; };
		0DFB869D2944F0490048B6DA /* NetworkError.swift in Sources */ = {isa = PBXBuildFile; fileRef = 0DFB869C2944F0490048B6DA /* NetworkError.swift */; };
		0DFB869F2944F0630048B6DA /* Environment.swift in Sources */ = {isa = PBXBuildFile; fileRef = 0DFB869E2944F0630048B6DA /* Environment.swift */; };
		0DFB86A12944F0C00048B6DA /* APIHandler.swift in Sources */ = {isa = PBXBuildFile; fileRef = 0DFB86A02944F0C00048B6DA /* APIHandler.swift */; };
		0DFB86A42944F32C0048B6DA /* String+Extensions.swift in Sources */ = {isa = PBXBuildFile; fileRef = 0DFB86A32944F32C0048B6DA /* String+Extensions.swift */; };
		0DFB86A62944F3630048B6DA /* URL+Extensions.swift in Sources */ = {isa = PBXBuildFile; fileRef = 0DFB86A52944F3630048B6DA /* URL+Extensions.swift */; };
		0DFB86A82944F3890048B6DA /* Bundle+Extensions.swift in Sources */ = {isa = PBXBuildFile; fileRef = 0DFB86A72944F3890048B6DA /* Bundle+Extensions.swift */; };
		0DFB86AB294500D30048B6DA /* AppRepository.swift in Sources */ = {isa = PBXBuildFile; fileRef = 0DFB86AA294500D30048B6DA /* AppRepository.swift */; };
		0DFB86AE294501060048B6DA /* Logging in Frameworks */ = {isa = PBXBuildFile; productRef = 0DFB86AD294501060048B6DA /* Logging */; };
		0DFB86B2294501920048B6DA /* AccountRepositoryEndpoints.swift in Sources */ = {isa = PBXBuildFile; fileRef = 0DFB86B1294501920048B6DA /* AccountRepositoryEndpoints.swift */; };
		0DFB86B42945052D0048B6DA /* AccountRepository.swift in Sources */ = {isa = PBXBuildFile; fileRef = 0DFB86B32945052D0048B6DA /* AccountRepository.swift */; };
		0DFB86B8294505CE0048B6DA /* AccountInfo.swift in Sources */ = {isa = PBXBuildFile; fileRef = 0DFB86B7294505CE0048B6DA /* AccountInfo.swift */; };
		0DFB86BA29450D1B0048B6DA /* MediaRepositoryEndpoints.swift in Sources */ = {isa = PBXBuildFile; fileRef = 0DFB86B929450D1B0048B6DA /* MediaRepositoryEndpoints.swift */; };
		0DFB86BC29450D2A0048B6DA /* MediaRepository.swift in Sources */ = {isa = PBXBuildFile; fileRef = 0DFB86BB29450D2A0048B6DA /* MediaRepository.swift */; };
		0DFB86C02945120E0048B6DA /* MediaInfo.swift in Sources */ = {isa = PBXBuildFile; fileRef = 0DFB86BF2945120E0048B6DA /* MediaInfo.swift */; };
		0DFB86C22945127E0048B6DA /* AlbumInfo.swift in Sources */ = {isa = PBXBuildFile; fileRef = 0DFB86C12945127E0048B6DA /* AlbumInfo.swift */; };
/* End PBXBuildFile section */

/* Begin PBXContainerItemProxy section */
		0DFB86632944D6D10048B6DA /* PBXContainerItemProxy */ = {
			isa = PBXContainerItemProxy;
			containerPortal = 0DFB86442944D6CE0048B6DA /* Project object */;
			proxyType = 1;
			remoteGlobalIDString = 0DFB864B2944D6CE0048B6DA;
			remoteInfo = instalite;
		};
		0DFB866D2944D6D10048B6DA /* PBXContainerItemProxy */ = {
			isa = PBXContainerItemProxy;
			containerPortal = 0DFB86442944D6CE0048B6DA /* Project object */;
			proxyType = 1;
			remoteGlobalIDString = 0DFB864B2944D6CE0048B6DA;
			remoteInfo = instalite;
		};
/* End PBXContainerItemProxy section */

/* Begin PBXFileReference section */
		0D97B3FD29461F2000F215D1 /* UIColor+Extensions.swift */ = {isa = PBXFileReference; lastKnownFileType = sourcecode.swift; path = "UIColor+Extensions.swift"; sourceTree = "<group>"; };
		0D97B40029461F8400F215D1 /* Theme.swift */ = {isa = PBXFileReference; lastKnownFileType = sourcecode.swift; path = Theme.swift; sourceTree = "<group>"; };
		0D97B4022946215300F215D1 /* HomeCollectionViewCell.swift */ = {isa = PBXFileReference; lastKnownFileType = sourcecode.swift; path = HomeCollectionViewCell.swift; sourceTree = "<group>"; };
		0D97B4072946280E00F215D1 /* UIView+Extensions.swift */ = {isa = PBXFileReference; lastKnownFileType = sourcecode.swift; path = "UIView+Extensions.swift"; sourceTree = "<group>"; };
		0DFB864C2944D6CE0048B6DA /* instalite.app */ = {isa = PBXFileReference; explicitFileType = wrapper.application; includeInIndex = 0; path = instalite.app; sourceTree = BUILT_PRODUCTS_DIR; };
		0DFB864F2944D6CE0048B6DA /* AppDelegate.swift */ = {isa = PBXFileReference; lastKnownFileType = sourcecode.swift; path = AppDelegate.swift; sourceTree = "<group>"; };
		0DFB86582944D6D10048B6DA /* Assets.xcassets */ = {isa = PBXFileReference; lastKnownFileType = folder.assetcatalog; path = Assets.xcassets; sourceTree = "<group>"; };
		0DFB865B2944D6D10048B6DA /* Base */ = {isa = PBXFileReference; lastKnownFileType = file.storyboard; name = Base; path = Base.lproj/LaunchScreen.storyboard; sourceTree = "<group>"; };
		0DFB865D2944D6D10048B6DA /* Info.plist */ = {isa = PBXFileReference; lastKnownFileType = text.plist.xml; path = Info.plist; sourceTree = "<group>"; };
		0DFB86622944D6D10048B6DA /* instaliteTests.xctest */ = {isa = PBXFileReference; explicitFileType = wrapper.cfbundle; includeInIndex = 0; path = instaliteTests.xctest; sourceTree = BUILT_PRODUCTS_DIR; };
		0DFB86662944D6D10048B6DA /* instaliteTests.swift */ = {isa = PBXFileReference; lastKnownFileType = sourcecode.swift; path = instaliteTests.swift; sourceTree = "<group>"; };
		0DFB866C2944D6D10048B6DA /* instaliteUITests.xctest */ = {isa = PBXFileReference; explicitFileType = wrapper.cfbundle; includeInIndex = 0; path = instaliteUITests.xctest; sourceTree = BUILT_PRODUCTS_DIR; };
		0DFB86702944D6D10048B6DA /* instaliteUITests.swift */ = {isa = PBXFileReference; lastKnownFileType = sourcecode.swift; path = instaliteUITests.swift; sourceTree = "<group>"; };
		0DFB86722944D6D10048B6DA /* instaliteUITestsLaunchTests.swift */ = {isa = PBXFileReference; lastKnownFileType = sourcecode.swift; path = instaliteUITestsLaunchTests.swift; sourceTree = "<group>"; };
		0DFB86802944DB800048B6DA /* develop.xcconfig */ = {isa = PBXFileReference; lastKnownFileType = text.xcconfig; path = develop.xcconfig; sourceTree = "<group>"; };
		0DFB86812944DB930048B6DA /* release.xcconfig */ = {isa = PBXFileReference; lastKnownFileType = text.xcconfig; path = release.xcconfig; sourceTree = "<group>"; };
		0DFB86852944DDBB0048B6DA /* en */ = {isa = PBXFileReference; lastKnownFileType = text.plist.strings; name = en; path = en.lproj/Localizable.strings; sourceTree = "<group>"; };
		0DFB868B2944E0BF0048B6DA /* Colors.xcassets */ = {isa = PBXFileReference; lastKnownFileType = folder.assetcatalog; path = Colors.xcassets; sourceTree = "<group>"; };
		0DFB868E2944EA5C0048B6DA /* AppCoordinator.swift */ = {isa = PBXFileReference; lastKnownFileType = sourcecode.swift; path = AppCoordinator.swift; sourceTree = "<group>"; };
		0DFB86922944EC920048B6DA /* HomeViewController.swift */ = {isa = PBXFileReference; lastKnownFileType = sourcecode.swift; path = HomeViewController.swift; sourceTree = "<group>"; };
		0DFB86942944ECA00048B6DA /* HomeViewModel.swift */ = {isa = PBXFileReference; lastKnownFileType = sourcecode.swift; path = HomeViewModel.swift; sourceTree = "<group>"; };
		0DFB86982944F02B0048B6DA /* NetworkRequest.swift */ = {isa = PBXFileReference; lastKnownFileType = sourcecode.swift; path = NetworkRequest.swift; sourceTree = "<group>"; };
		0DFB869A2944F03A0048B6DA /* HTTPMethod.swift */ = {isa = PBXFileReference; lastKnownFileType = sourcecode.swift; path = HTTPMethod.swift; sourceTree = "<group>"; };
		0DFB869C2944F0490048B6DA /* NetworkError.swift */ = {isa = PBXFileReference; lastKnownFileType = sourcecode.swift; path = NetworkError.swift; sourceTree = "<group>"; };
		0DFB869E2944F0630048B6DA /* Environment.swift */ = {isa = PBXFileReference; lastKnownFileType = sourcecode.swift; path = Environment.swift; sourceTree = "<group>"; };
		0DFB86A02944F0C00048B6DA /* APIHandler.swift */ = {isa = PBXFileReference; lastKnownFileType = sourcecode.swift; path = APIHandler.swift; sourceTree = "<group>"; };
		0DFB86A32944F32C0048B6DA /* String+Extensions.swift */ = {isa = PBXFileReference; lastKnownFileType = sourcecode.swift; path = "String+Extensions.swift"; sourceTree = "<group>"; };
		0DFB86A52944F3630048B6DA /* URL+Extensions.swift */ = {isa = PBXFileReference; lastKnownFileType = sourcecode.swift; path = "URL+Extensions.swift"; sourceTree = "<group>"; };
		0DFB86A72944F3890048B6DA /* Bundle+Extensions.swift */ = {isa = PBXFileReference; lastKnownFileType = sourcecode.swift; path = "Bundle+Extensions.swift"; sourceTree = "<group>"; };
		0DFB86AA294500D30048B6DA /* AppRepository.swift */ = {isa = PBXFileReference; lastKnownFileType = sourcecode.swift; path = AppRepository.swift; sourceTree = "<group>"; };
		0DFB86B1294501920048B6DA /* AccountRepositoryEndpoints.swift */ = {isa = PBXFileReference; lastKnownFileType = sourcecode.swift; path = AccountRepositoryEndpoints.swift; sourceTree = "<group>"; };
		0DFB86B32945052D0048B6DA /* AccountRepository.swift */ = {isa = PBXFileReference; lastKnownFileType = sourcecode.swift; path = AccountRepository.swift; sourceTree = "<group>"; };
		0DFB86B7294505CE0048B6DA /* AccountInfo.swift */ = {isa = PBXFileReference; lastKnownFileType = sourcecode.swift; path = AccountInfo.swift; sourceTree = "<group>"; };
		0DFB86B929450D1B0048B6DA /* MediaRepositoryEndpoints.swift */ = {isa = PBXFileReference; lastKnownFileType = sourcecode.swift; path = MediaRepositoryEndpoints.swift; sourceTree = "<group>"; };
		0DFB86BB29450D2A0048B6DA /* MediaRepository.swift */ = {isa = PBXFileReference; lastKnownFileType = sourcecode.swift; path = MediaRepository.swift; sourceTree = "<group>"; };
		0DFB86BF2945120E0048B6DA /* MediaInfo.swift */ = {isa = PBXFileReference; lastKnownFileType = sourcecode.swift; path = MediaInfo.swift; sourceTree = "<group>"; };
		0DFB86C12945127E0048B6DA /* AlbumInfo.swift */ = {isa = PBXFileReference; lastKnownFileType = sourcecode.swift; path = AlbumInfo.swift; sourceTree = "<group>"; };
/* End PBXFileReference section */

/* Begin PBXFrameworksBuildPhase section */
		0DFB86492944D6CE0048B6DA /* Frameworks */ = {
			isa = PBXFrameworksBuildPhase;
			buildActionMask = 2147483647;
			files = (
				0D97B4062946220D00F215D1 /* SDWebImage in Frameworks */,
				0DFB86AE294501060048B6DA /* Logging in Frameworks */,
			);
			runOnlyForDeploymentPostprocessing = 0;
		};
		0DFB865F2944D6D10048B6DA /* Frameworks */ = {
			isa = PBXFrameworksBuildPhase;
			buildActionMask = 2147483647;
			files = (
			);
			runOnlyForDeploymentPostprocessing = 0;
		};
		0DFB86692944D6D10048B6DA /* Frameworks */ = {
			isa = PBXFrameworksBuildPhase;
			buildActionMask = 2147483647;
			files = (
			);
			runOnlyForDeploymentPostprocessing = 0;
		};
/* End PBXFrameworksBuildPhase section */

/* Begin PBXGroup section */
		0D97B3FF29461F5200F215D1 /* Theme */ = {
			isa = PBXGroup;
			children = (
				0D97B40029461F8400F215D1 /* Theme.swift */,
			);
			path = Theme;
			sourceTree = "<group>";
		};
		0DFB86432944D6CE0048B6DA = {
			isa = PBXGroup;
			children = (
				0DFB864E2944D6CE0048B6DA /* instalite */,
				0DFB86652944D6D10048B6DA /* instaliteTests */,
				0DFB866F2944D6D10048B6DA /* instaliteUITests */,
				0DFB864D2944D6CE0048B6DA /* Products */,
			);
			sourceTree = "<group>";
		};
		0DFB864D2944D6CE0048B6DA /* Products */ = {
			isa = PBXGroup;
			children = (
				0DFB864C2944D6CE0048B6DA /* instalite.app */,
				0DFB86622944D6D10048B6DA /* instaliteTests.xctest */,
				0DFB866C2944D6D10048B6DA /* instaliteUITests.xctest */,
			);
			name = Products;
			sourceTree = "<group>";
		};
		0DFB864E2944D6CE0048B6DA /* instalite */ = {
			isa = PBXGroup;
			children = (
				0D97B3FF29461F5200F215D1 /* Theme */,
				0DFB864F2944D6CE0048B6DA /* AppDelegate.swift */,
				0DFB86B5294505A30048B6DA /* Models */,
				0DFB86A9294500BB0048B6DA /* Repositories */,
				0DFB868D2944EA2D0048B6DA /* Coordinator */,
				0DFB86902944EC680048B6DA /* UI */,
				0DFB86972944F0000048B6DA /* API */,
				0DFB86A22944F3120048B6DA /* Extensions */,
				0DFB867F2944DB280048B6DA /* SupportingFiles */,
				0DFB865A2944D6D10048B6DA /* LaunchScreen.storyboard */,
				0DFB865D2944D6D10048B6DA /* Info.plist */,
				0DFB86582944D6D10048B6DA /* Assets.xcassets */,
				0DFB868B2944E0BF0048B6DA /* Colors.xcassets */,
			);
			path = instalite;
			sourceTree = "<group>";
		};
		0DFB86652944D6D10048B6DA /* instaliteTests */ = {
			isa = PBXGroup;
			children = (
				0DFB86662944D6D10048B6DA /* instaliteTests.swift */,
			);
			path = instaliteTests;
			sourceTree = "<group>";
		};
		0DFB866F2944D6D10048B6DA /* instaliteUITests */ = {
			isa = PBXGroup;
			children = (
				0DFB86702944D6D10048B6DA /* instaliteUITests.swift */,
				0DFB86722944D6D10048B6DA /* instaliteUITestsLaunchTests.swift */,
			);
			path = instaliteUITests;
			sourceTree = "<group>";
		};
		0DFB867F2944DB280048B6DA /* SupportingFiles */ = {
			isa = PBXGroup;
			children = (
				0DFB868A2944E0980048B6DA /* Configuration */,
				0DFB86862944DDBB0048B6DA /* Localizable.strings */,
			);
			path = SupportingFiles;
			sourceTree = "<group>";
		};
		0DFB868A2944E0980048B6DA /* Configuration */ = {
			isa = PBXGroup;
			children = (
				0DFB86802944DB800048B6DA /* develop.xcconfig */,
				0DFB86812944DB930048B6DA /* release.xcconfig */,
			);
			path = Configuration;
			sourceTree = "<group>";
		};
		0DFB868D2944EA2D0048B6DA /* Coordinator */ = {
			isa = PBXGroup;
			children = (
				0DFB868E2944EA5C0048B6DA /* AppCoordinator.swift */,
			);
			path = Coordinator;
			sourceTree = "<group>";
		};
		0DFB86902944EC680048B6DA /* UI */ = {
			isa = PBXGroup;
			children = (
				0DFB86912944EC720048B6DA /* Home */,
			);
			path = UI;
			sourceTree = "<group>";
		};
		0DFB86912944EC720048B6DA /* Home */ = {
			isa = PBXGroup;
			children = (
				0DFB86922944EC920048B6DA /* HomeViewController.swift */,
				0DFB86942944ECA00048B6DA /* HomeViewModel.swift */,
				0D97B4022946215300F215D1 /* HomeCollectionViewCell.swift */,
			);
			path = Home;
			sourceTree = "<group>";
		};
		0DFB86972944F0000048B6DA /* API */ = {
			isa = PBXGroup;
			children = (
				0DFB86982944F02B0048B6DA /* NetworkRequest.swift */,
				0DFB869A2944F03A0048B6DA /* HTTPMethod.swift */,
				0DFB869C2944F0490048B6DA /* NetworkError.swift */,
				0DFB869E2944F0630048B6DA /* Environment.swift */,
				0DFB86A02944F0C00048B6DA /* APIHandler.swift */,
			);
			path = API;
			sourceTree = "<group>";
		};
		0DFB86A22944F3120048B6DA /* Extensions */ = {
			isa = PBXGroup;
			children = (
				0DFB86A32944F32C0048B6DA /* String+Extensions.swift */,
				0DFB86A52944F3630048B6DA /* URL+Extensions.swift */,
				0DFB86A72944F3890048B6DA /* Bundle+Extensions.swift */,
				0D97B3FD29461F2000F215D1 /* UIColor+Extensions.swift */,
				0D97B4072946280E00F215D1 /* UIView+Extensions.swift */,
			);
			path = Extensions;
			sourceTree = "<group>";
		};
		0DFB86A9294500BB0048B6DA /* Repositories */ = {
			isa = PBXGroup;
			children = (
				0DFB86AA294500D30048B6DA /* AppRepository.swift */,
				0DFB86AF294501460048B6DA /* AccountRepository */,
				0DFB86B0294501640048B6DA /* MediaRepository */,
			);
			path = Repositories;
			sourceTree = "<group>";
		};
		0DFB86AF294501460048B6DA /* AccountRepository */ = {
			isa = PBXGroup;
			children = (
				0DFB86B1294501920048B6DA /* AccountRepositoryEndpoints.swift */,
				0DFB86B32945052D0048B6DA /* AccountRepository.swift */,
			);
			path = AccountRepository;
			sourceTree = "<group>";
		};
		0DFB86B0294501640048B6DA /* MediaRepository */ = {
			isa = PBXGroup;
			children = (
				0DFB86B929450D1B0048B6DA /* MediaRepositoryEndpoints.swift */,
				0DFB86BB29450D2A0048B6DA /* MediaRepository.swift */,
			);
			path = MediaRepository;
			sourceTree = "<group>";
		};
		0DFB86B5294505A30048B6DA /* Models */ = {
			isa = PBXGroup;
			children = (
				0DFB86BE294511820048B6DA /* AlbumInfo */,
				0DFB86BD2945116D0048B6DA /* MediaInfo */,
				0DFB86B6294505BA0048B6DA /* AccountInfo */,
			);
			path = Models;
			sourceTree = "<group>";
		};
		0DFB86B6294505BA0048B6DA /* AccountInfo */ = {
			isa = PBXGroup;
			children = (
				0DFB86B7294505CE0048B6DA /* AccountInfo.swift */,
			);
			path = AccountInfo;
			sourceTree = "<group>";
		};
		0DFB86BD2945116D0048B6DA /* MediaInfo */ = {
			isa = PBXGroup;
			children = (
				0DFB86BF2945120E0048B6DA /* MediaInfo.swift */,
			);
			path = MediaInfo;
			sourceTree = "<group>";
		};
		0DFB86BE294511820048B6DA /* AlbumInfo */ = {
			isa = PBXGroup;
			children = (
				0DFB86C12945127E0048B6DA /* AlbumInfo.swift */,
			);
			path = AlbumInfo;
			sourceTree = "<group>";
		};
/* End PBXGroup section */

/* Begin PBXNativeTarget section */
		0DFB864B2944D6CE0048B6DA /* instalite */ = {
			isa = PBXNativeTarget;
			buildConfigurationList = 0DFB86762944D6D10048B6DA /* Build configuration list for PBXNativeTarget "instalite" */;
			buildPhases = (
				0DFB86482944D6CE0048B6DA /* Sources */,
				0DFB86492944D6CE0048B6DA /* Frameworks */,
				0DFB864A2944D6CE0048B6DA /* Resources */,
			);
			buildRules = (
			);
			dependencies = (
			);
			name = instalite;
			packageProductDependencies = (
				0DFB86AD294501060048B6DA /* Logging */,
				0D97B4052946220D00F215D1 /* SDWebImage */,
			);
			productName = instalite;
			productReference = 0DFB864C2944D6CE0048B6DA /* instalite.app */;
			productType = "com.apple.product-type.application";
		};
		0DFB86612944D6D10048B6DA /* instaliteTests */ = {
			isa = PBXNativeTarget;
			buildConfigurationList = 0DFB86792944D6D10048B6DA /* Build configuration list for PBXNativeTarget "instaliteTests" */;
			buildPhases = (
				0DFB865E2944D6D10048B6DA /* Sources */,
				0DFB865F2944D6D10048B6DA /* Frameworks */,
				0DFB86602944D6D10048B6DA /* Resources */,
			);
			buildRules = (
			);
			dependencies = (
				0DFB86642944D6D10048B6DA /* PBXTargetDependency */,
			);
			name = instaliteTests;
			productName = instaliteTests;
			productReference = 0DFB86622944D6D10048B6DA /* instaliteTests.xctest */;
			productType = "com.apple.product-type.bundle.unit-test";
		};
		0DFB866B2944D6D10048B6DA /* instaliteUITests */ = {
			isa = PBXNativeTarget;
			buildConfigurationList = 0DFB867C2944D6D10048B6DA /* Build configuration list for PBXNativeTarget "instaliteUITests" */;
			buildPhases = (
				0DFB86682944D6D10048B6DA /* Sources */,
				0DFB86692944D6D10048B6DA /* Frameworks */,
				0DFB866A2944D6D10048B6DA /* Resources */,
			);
			buildRules = (
			);
			dependencies = (
				0DFB866E2944D6D10048B6DA /* PBXTargetDependency */,
			);
			name = instaliteUITests;
			productName = instaliteUITests;
			productReference = 0DFB866C2944D6D10048B6DA /* instaliteUITests.xctest */;
			productType = "com.apple.product-type.bundle.ui-testing";
		};
/* End PBXNativeTarget section */

/* Begin PBXProject section */
		0DFB86442944D6CE0048B6DA /* Project object */ = {
			isa = PBXProject;
			attributes = {
				BuildIndependentTargetsInParallel = 1;
				LastSwiftUpdateCheck = 1400;
				LastUpgradeCheck = 1400;
				TargetAttributes = {
					0DFB864B2944D6CE0048B6DA = {
						CreatedOnToolsVersion = 14.0;
					};
					0DFB86612944D6D10048B6DA = {
						CreatedOnToolsVersion = 14.0;
						TestTargetID = 0DFB864B2944D6CE0048B6DA;
					};
					0DFB866B2944D6D10048B6DA = {
						CreatedOnToolsVersion = 14.0;
						TestTargetID = 0DFB864B2944D6CE0048B6DA;
					};
				};
			};
			buildConfigurationList = 0DFB86472944D6CE0048B6DA /* Build configuration list for PBXProject "instalite" */;
			compatibilityVersion = "Xcode 14.0";
			developmentRegion = en;
			hasScannedForEncodings = 0;
			knownRegions = (
				en,
				Base,
			);
			mainGroup = 0DFB86432944D6CE0048B6DA;
			packageReferences = (
				0DFB86AC294501060048B6DA /* XCRemoteSwiftPackageReference "swift-log" */,
				0D97B4042946220D00F215D1 /* XCRemoteSwiftPackageReference "SDWebImage" */,
			);
			productRefGroup = 0DFB864D2944D6CE0048B6DA /* Products */;
			projectDirPath = "";
			projectRoot = "";
			targets = (
				0DFB864B2944D6CE0048B6DA /* instalite */,
				0DFB86612944D6D10048B6DA /* instaliteTests */,
				0DFB866B2944D6D10048B6DA /* instaliteUITests */,
			);
		};
/* End PBXProject section */

/* Begin PBXResourcesBuildPhase section */
		0DFB864A2944D6CE0048B6DA /* Resources */ = {
			isa = PBXResourcesBuildPhase;
			buildActionMask = 2147483647;
			files = (
				0DFB868C2944E0BF0048B6DA /* Colors.xcassets in Resources */,
				0DFB865C2944D6D10048B6DA /* LaunchScreen.storyboard in Resources */,
				0DFB86842944DDBB0048B6DA /* Localizable.strings in Resources */,
				0DFB86592944D6D10048B6DA /* Assets.xcassets in Resources */,
			);
			runOnlyForDeploymentPostprocessing = 0;
		};
		0DFB86602944D6D10048B6DA /* Resources */ = {
			isa = PBXResourcesBuildPhase;
			buildActionMask = 2147483647;
			files = (
			);
			runOnlyForDeploymentPostprocessing = 0;
		};
		0DFB866A2944D6D10048B6DA /* Resources */ = {
			isa = PBXResourcesBuildPhase;
			buildActionMask = 2147483647;
			files = (
			);
			runOnlyForDeploymentPostprocessing = 0;
		};
/* End PBXResourcesBuildPhase section */

/* Begin PBXSourcesBuildPhase section */
		0DFB86482944D6CE0048B6DA /* Sources */ = {
			isa = PBXSourcesBuildPhase;
			buildActionMask = 2147483647;
			files = (
				0DFB86A62944F3630048B6DA /* URL+Extensions.swift in Sources */,
				0DFB86A42944F32C0048B6DA /* String+Extensions.swift in Sources */,
				0D97B4032946215300F215D1 /* HomeCollectionViewCell.swift in Sources */,
				0DFB868F2944EA5C0048B6DA /* AppCoordinator.swift in Sources */,
				0DFB86B42945052D0048B6DA /* AccountRepository.swift in Sources */,
				0D97B3FE29461F2000F215D1 /* UIColor+Extensions.swift in Sources */,
				0D97B4082946280E00F215D1 /* UIView+Extensions.swift in Sources */,
				0DFB86A82944F3890048B6DA /* Bundle+Extensions.swift in Sources */,
				0DFB86B8294505CE0048B6DA /* AccountInfo.swift in Sources */,
				0DFB869F2944F0630048B6DA /* Environment.swift in Sources */,
				0DFB86AB294500D30048B6DA /* AppRepository.swift in Sources */,
				0DFB86BA29450D1B0048B6DA /* MediaRepositoryEndpoints.swift in Sources */,
				0DFB86B2294501920048B6DA /* AccountRepositoryEndpoints.swift in Sources */,
				0DFB869D2944F0490048B6DA /* NetworkError.swift in Sources */,
				0DFB86502944D6CE0048B6DA /* AppDelegate.swift in Sources */,
				0DFB86C02945120E0048B6DA /* MediaInfo.swift in Sources */,
				0DFB869B2944F03A0048B6DA /* HTTPMethod.swift in Sources */,
				0D97B40129461F8400F215D1 /* Theme.swift in Sources */,
				0DFB86932944EC920048B6DA /* HomeViewController.swift in Sources */,
				0DFB86A12944F0C00048B6DA /* APIHandler.swift in Sources */,
				0DFB86952944ECA00048B6DA /* HomeViewModel.swift in Sources */,
				0DFB86BC29450D2A0048B6DA /* MediaRepository.swift in Sources */,
				0DFB86992944F02B0048B6DA /* NetworkRequest.swift in Sources */,
				0DFB86C22945127E0048B6DA /* AlbumInfo.swift in Sources */,
			);
			runOnlyForDeploymentPostprocessing = 0;
		};
		0DFB865E2944D6D10048B6DA /* Sources */ = {
			isa = PBXSourcesBuildPhase;
			buildActionMask = 2147483647;
			files = (
				0DFB86672944D6D10048B6DA /* instaliteTests.swift in Sources */,
			);
			runOnlyForDeploymentPostprocessing = 0;
		};
		0DFB86682944D6D10048B6DA /* Sources */ = {
			isa = PBXSourcesBuildPhase;
			buildActionMask = 2147483647;
			files = (
				0DFB86732944D6D10048B6DA /* instaliteUITestsLaunchTests.swift in Sources */,
				0DFB86712944D6D10048B6DA /* instaliteUITests.swift in Sources */,
			);
			runOnlyForDeploymentPostprocessing = 0;
		};
/* End PBXSourcesBuildPhase section */

/* Begin PBXTargetDependency section */
		0DFB86642944D6D10048B6DA /* PBXTargetDependency */ = {
			isa = PBXTargetDependency;
			target = 0DFB864B2944D6CE0048B6DA /* instalite */;
			targetProxy = 0DFB86632944D6D10048B6DA /* PBXContainerItemProxy */;
		};
		0DFB866E2944D6D10048B6DA /* PBXTargetDependency */ = {
			isa = PBXTargetDependency;
			target = 0DFB864B2944D6CE0048B6DA /* instalite */;
			targetProxy = 0DFB866D2944D6D10048B6DA /* PBXContainerItemProxy */;
		};
/* End PBXTargetDependency section */

/* Begin PBXVariantGroup section */
		0DFB865A2944D6D10048B6DA /* LaunchScreen.storyboard */ = {
			isa = PBXVariantGroup;
			children = (
				0DFB865B2944D6D10048B6DA /* Base */,
			);
			name = LaunchScreen.storyboard;
			sourceTree = "<group>";
		};
		0DFB86862944DDBB0048B6DA /* Localizable.strings */ = {
			isa = PBXVariantGroup;
			children = (
				0DFB86852944DDBB0048B6DA /* en */,
			);
			name = Localizable.strings;
			sourceTree = "<group>";
		};
/* End PBXVariantGroup section */

/* Begin XCBuildConfiguration section */
		0DFB86742944D6D10048B6DA /* Debug */ = {
			isa = XCBuildConfiguration;
			baseConfigurationReference = 0DFB86802944DB800048B6DA /* develop.xcconfig */;
			buildSettings = {
				ALWAYS_SEARCH_USER_PATHS = NO;
				CLANG_ANALYZER_LOCALIZABILITY_NONLOCALIZED = YES;
				CLANG_ANALYZER_NONNULL = YES;
				CLANG_ANALYZER_NUMBER_OBJECT_CONVERSION = YES_AGGRESSIVE;
				CLANG_CXX_LANGUAGE_STANDARD = "gnu++20";
				CLANG_ENABLE_MODULES = YES;
				CLANG_ENABLE_OBJC_ARC = YES;
				CLANG_ENABLE_OBJC_WEAK = YES;
				CLANG_WARN_BLOCK_CAPTURE_AUTORELEASING = YES;
				CLANG_WARN_BOOL_CONVERSION = YES;
				CLANG_WARN_COMMA = YES;
				CLANG_WARN_CONSTANT_CONVERSION = YES;
				CLANG_WARN_DEPRECATED_OBJC_IMPLEMENTATIONS = YES;
				CLANG_WARN_DIRECT_OBJC_ISA_USAGE = YES_ERROR;
				CLANG_WARN_DOCUMENTATION_COMMENTS = YES;
				CLANG_WARN_EMPTY_BODY = YES;
				CLANG_WARN_ENUM_CONVERSION = YES;
				CLANG_WARN_INFINITE_RECURSION = YES;
				CLANG_WARN_INT_CONVERSION = YES;
				CLANG_WARN_NON_LITERAL_NULL_CONVERSION = YES;
				CLANG_WARN_OBJC_IMPLICIT_RETAIN_SELF = YES;
				CLANG_WARN_OBJC_LITERAL_CONVERSION = YES;
				CLANG_WARN_OBJC_ROOT_CLASS = YES_ERROR;
				CLANG_WARN_QUOTED_INCLUDE_IN_FRAMEWORK_HEADER = YES;
				CLANG_WARN_RANGE_LOOP_ANALYSIS = YES;
				CLANG_WARN_STRICT_PROTOTYPES = YES;
				CLANG_WARN_SUSPICIOUS_MOVE = YES;
				CLANG_WARN_UNGUARDED_AVAILABILITY = YES_AGGRESSIVE;
				CLANG_WARN_UNREACHABLE_CODE = YES;
				CLANG_WARN__DUPLICATE_METHOD_MATCH = YES;
				COPY_PHASE_STRIP = NO;
				DEBUG_INFORMATION_FORMAT = dwarf;
				ENABLE_STRICT_OBJC_MSGSEND = YES;
				ENABLE_TESTABILITY = YES;
				GCC_C_LANGUAGE_STANDARD = gnu11;
				GCC_DYNAMIC_NO_PIC = NO;
				GCC_NO_COMMON_BLOCKS = YES;
				GCC_OPTIMIZATION_LEVEL = 0;
				GCC_PREPROCESSOR_DEFINITIONS = (
					"DEBUG=1",
					"$(inherited)",
				);
				GCC_WARN_64_TO_32_BIT_CONVERSION = YES;
				GCC_WARN_ABOUT_RETURN_TYPE = YES_ERROR;
				GCC_WARN_UNDECLARED_SELECTOR = YES;
				GCC_WARN_UNINITIALIZED_AUTOS = YES_AGGRESSIVE;
				GCC_WARN_UNUSED_FUNCTION = YES;
				GCC_WARN_UNUSED_VARIABLE = YES;
				IPHONEOS_DEPLOYMENT_TARGET = 15.0;
				MTL_ENABLE_DEBUG_INFO = INCLUDE_SOURCE;
				MTL_FAST_MATH = YES;
				ONLY_ACTIVE_ARCH = YES;
				SDKROOT = iphoneos;
				SWIFT_ACTIVE_COMPILATION_CONDITIONS = DEBUG;
				SWIFT_OPTIMIZATION_LEVEL = "-Onone";
			};
			name = Debug;
		};
		0DFB86752944D6D10048B6DA /* Release */ = {
			isa = XCBuildConfiguration;
			baseConfigurationReference = 0DFB86812944DB930048B6DA /* release.xcconfig */;
			buildSettings = {
				ALWAYS_SEARCH_USER_PATHS = NO;
				CLANG_ANALYZER_LOCALIZABILITY_NONLOCALIZED = YES;
				CLANG_ANALYZER_NONNULL = YES;
				CLANG_ANALYZER_NUMBER_OBJECT_CONVERSION = YES_AGGRESSIVE;
				CLANG_CXX_LANGUAGE_STANDARD = "gnu++20";
				CLANG_ENABLE_MODULES = YES;
				CLANG_ENABLE_OBJC_ARC = YES;
				CLANG_ENABLE_OBJC_WEAK = YES;
				CLANG_WARN_BLOCK_CAPTURE_AUTORELEASING = YES;
				CLANG_WARN_BOOL_CONVERSION = YES;
				CLANG_WARN_COMMA = YES;
				CLANG_WARN_CONSTANT_CONVERSION = YES;
				CLANG_WARN_DEPRECATED_OBJC_IMPLEMENTATIONS = YES;
				CLANG_WARN_DIRECT_OBJC_ISA_USAGE = YES_ERROR;
				CLANG_WARN_DOCUMENTATION_COMMENTS = YES;
				CLANG_WARN_EMPTY_BODY = YES;
				CLANG_WARN_ENUM_CONVERSION = YES;
				CLANG_WARN_INFINITE_RECURSION = YES;
				CLANG_WARN_INT_CONVERSION = YES;
				CLANG_WARN_NON_LITERAL_NULL_CONVERSION = YES;
				CLANG_WARN_OBJC_IMPLICIT_RETAIN_SELF = YES;
				CLANG_WARN_OBJC_LITERAL_CONVERSION = YES;
				CLANG_WARN_OBJC_ROOT_CLASS = YES_ERROR;
				CLANG_WARN_QUOTED_INCLUDE_IN_FRAMEWORK_HEADER = YES;
				CLANG_WARN_RANGE_LOOP_ANALYSIS = YES;
				CLANG_WARN_STRICT_PROTOTYPES = YES;
				CLANG_WARN_SUSPICIOUS_MOVE = YES;
				CLANG_WARN_UNGUARDED_AVAILABILITY = YES_AGGRESSIVE;
				CLANG_WARN_UNREACHABLE_CODE = YES;
				CLANG_WARN__DUPLICATE_METHOD_MATCH = YES;
				COPY_PHASE_STRIP = NO;
				DEBUG_INFORMATION_FORMAT = "dwarf-with-dsym";
				ENABLE_NS_ASSERTIONS = NO;
				ENABLE_STRICT_OBJC_MSGSEND = YES;
				GCC_C_LANGUAGE_STANDARD = gnu11;
				GCC_NO_COMMON_BLOCKS = YES;
				GCC_WARN_64_TO_32_BIT_CONVERSION = YES;
				GCC_WARN_ABOUT_RETURN_TYPE = YES_ERROR;
				GCC_WARN_UNDECLARED_SELECTOR = YES;
				GCC_WARN_UNINITIALIZED_AUTOS = YES_AGGRESSIVE;
				GCC_WARN_UNUSED_FUNCTION = YES;
				GCC_WARN_UNUSED_VARIABLE = YES;
				IPHONEOS_DEPLOYMENT_TARGET = 15.0;
				MTL_ENABLE_DEBUG_INFO = NO;
				MTL_FAST_MATH = YES;
				SDKROOT = iphoneos;
				SWIFT_COMPILATION_MODE = wholemodule;
				SWIFT_OPTIMIZATION_LEVEL = "-O";
				VALIDATE_PRODUCT = YES;
			};
			name = Release;
		};
		0DFB86772944D6D10048B6DA /* Debug */ = {
			isa = XCBuildConfiguration;
			baseConfigurationReference = 0DFB86802944DB800048B6DA /* develop.xcconfig */;
			buildSettings = {
				ASSETCATALOG_COMPILER_APPICON_NAME = AppIcon;
				ASSETCATALOG_COMPILER_GLOBAL_ACCENT_COLOR_NAME = AccentColor;
				CODE_SIGN_STYLE = Automatic;
				CURRENT_PROJECT_VERSION = 1;
				GENERATE_INFOPLIST_FILE = YES;
				INFOPLIST_FILE = instalite/Info.plist;
				INFOPLIST_KEY_UIApplicationSupportsIndirectInputEvents = YES;
				INFOPLIST_KEY_UILaunchStoryboardName = LaunchScreen;
				INFOPLIST_KEY_UISupportedInterfaceOrientations_iPad = "UIInterfaceOrientationPortrait UIInterfaceOrientationPortraitUpsideDown UIInterfaceOrientationLandscapeLeft UIInterfaceOrientationLandscapeRight";
				INFOPLIST_KEY_UISupportedInterfaceOrientations_iPhone = "UIInterfaceOrientationPortrait UIInterfaceOrientationLandscapeLeft UIInterfaceOrientationLandscapeRight";
				LD_RUNPATH_SEARCH_PATHS = (
					"$(inherited)",
					"@executable_path/Frameworks",
				);
				MARKETING_VERSION = 1.0;
				PRODUCT_BUNDLE_IDENTIFIER = com.notthereyet.org.instalite;
				PRODUCT_NAME = "$(TARGET_NAME)";
				SWIFT_EMIT_LOC_STRINGS = YES;
				SWIFT_VERSION = 5.0;
				TARGETED_DEVICE_FAMILY = "1,2";
			};
			name = Debug;
		};
		0DFB86782944D6D10048B6DA /* Release */ = {
			isa = XCBuildConfiguration;
			baseConfigurationReference = 0DFB86812944DB930048B6DA /* release.xcconfig */;
			buildSettings = {
				ASSETCATALOG_COMPILER_APPICON_NAME = AppIcon;
				ASSETCATALOG_COMPILER_GLOBAL_ACCENT_COLOR_NAME = AccentColor;
				CODE_SIGN_STYLE = Automatic;
				CURRENT_PROJECT_VERSION = 1;
				GENERATE_INFOPLIST_FILE = YES;
				INFOPLIST_FILE = instalite/Info.plist;
				INFOPLIST_KEY_UIApplicationSupportsIndirectInputEvents = YES;
				INFOPLIST_KEY_UILaunchStoryboardName = LaunchScreen;
				INFOPLIST_KEY_UISupportedInterfaceOrientations_iPad = "UIInterfaceOrientationPortrait UIInterfaceOrientationPortraitUpsideDown UIInterfaceOrientationLandscapeLeft UIInterfaceOrientationLandscapeRight";
				INFOPLIST_KEY_UISupportedInterfaceOrientations_iPhone = "UIInterfaceOrientationPortrait UIInterfaceOrientationLandscapeLeft UIInterfaceOrientationLandscapeRight";
				LD_RUNPATH_SEARCH_PATHS = (
					"$(inherited)",
					"@executable_path/Frameworks",
				);
				MARKETING_VERSION = 1.0;
				PRODUCT_BUNDLE_IDENTIFIER = com.notthereyet.org.instalite;
				PRODUCT_NAME = "$(TARGET_NAME)";
				SWIFT_EMIT_LOC_STRINGS = YES;
				SWIFT_VERSION = 5.0;
				TARGETED_DEVICE_FAMILY = "1,2";
			};
			name = Release;
		};
		0DFB867A2944D6D10048B6DA /* Debug */ = {
			isa = XCBuildConfiguration;
			baseConfigurationReference = 0DFB86802944DB800048B6DA /* develop.xcconfig */;
			buildSettings = {
				ALWAYS_EMBED_SWIFT_STANDARD_LIBRARIES = YES;
				BUNDLE_LOADER = "$(TEST_HOST)";
				CODE_SIGN_STYLE = Automatic;
				CURRENT_PROJECT_VERSION = 1;
				GENERATE_INFOPLIST_FILE = YES;
				IPHONEOS_DEPLOYMENT_TARGET = 16.0;
				MARKETING_VERSION = 1.0;
				PRODUCT_BUNDLE_IDENTIFIER = com.notthereyet.org.instaliteTests;
				PRODUCT_NAME = "$(TARGET_NAME)";
				SWIFT_EMIT_LOC_STRINGS = NO;
				SWIFT_VERSION = 5.0;
				TARGETED_DEVICE_FAMILY = "1,2";
				TEST_HOST = "$(BUILT_PRODUCTS_DIR)/instalite.app/$(BUNDLE_EXECUTABLE_FOLDER_PATH)/instalite";
			};
			name = Debug;
		};
		0DFB867B2944D6D10048B6DA /* Release */ = {
			isa = XCBuildConfiguration;
			baseConfigurationReference = 0DFB86812944DB930048B6DA /* release.xcconfig */;
			buildSettings = {
				ALWAYS_EMBED_SWIFT_STANDARD_LIBRARIES = YES;
				BUNDLE_LOADER = "$(TEST_HOST)";
				CODE_SIGN_STYLE = Automatic;
				CURRENT_PROJECT_VERSION = 1;
				GENERATE_INFOPLIST_FILE = YES;
				IPHONEOS_DEPLOYMENT_TARGET = 16.0;
				MARKETING_VERSION = 1.0;
				PRODUCT_BUNDLE_IDENTIFIER = com.notthereyet.org.instaliteTests;
				PRODUCT_NAME = "$(TARGET_NAME)";
				SWIFT_EMIT_LOC_STRINGS = NO;
				SWIFT_VERSION = 5.0;
				TARGETED_DEVICE_FAMILY = "1,2";
				TEST_HOST = "$(BUILT_PRODUCTS_DIR)/instalite.app/$(BUNDLE_EXECUTABLE_FOLDER_PATH)/instalite";
			};
			name = Release;
		};
		0DFB867D2944D6D10048B6DA /* Debug */ = {
			isa = XCBuildConfiguration;
			baseConfigurationReference = 0DFB86802944DB800048B6DA /* develop.xcconfig */;
			buildSettings = {
				ALWAYS_EMBED_SWIFT_STANDARD_LIBRARIES = YES;
				CODE_SIGN_STYLE = Automatic;
				CURRENT_PROJECT_VERSION = 1;
				GENERATE_INFOPLIST_FILE = YES;
				MARKETING_VERSION = 1.0;
				PRODUCT_BUNDLE_IDENTIFIER = com.notthereyet.org.instaliteUITests;
				PRODUCT_NAME = "$(TARGET_NAME)";
				SWIFT_EMIT_LOC_STRINGS = NO;
				SWIFT_VERSION = 5.0;
				TARGETED_DEVICE_FAMILY = "1,2";
				TEST_TARGET_NAME = instalite;
			};
			name = Debug;
		};
		0DFB867E2944D6D10048B6DA /* Release */ = {
			isa = XCBuildConfiguration;
			baseConfigurationReference = 0DFB86812944DB930048B6DA /* release.xcconfig */;
			buildSettings = {
				ALWAYS_EMBED_SWIFT_STANDARD_LIBRARIES = YES;
				CODE_SIGN_STYLE = Automatic;
				CURRENT_PROJECT_VERSION = 1;
				GENERATE_INFOPLIST_FILE = YES;
				MARKETING_VERSION = 1.0;
				PRODUCT_BUNDLE_IDENTIFIER = com.notthereyet.org.instaliteUITests;
				PRODUCT_NAME = "$(TARGET_NAME)";
				SWIFT_EMIT_LOC_STRINGS = NO;
				SWIFT_VERSION = 5.0;
				TARGETED_DEVICE_FAMILY = "1,2";
				TEST_TARGET_NAME = instalite;
			};
			name = Release;
		};
/* End XCBuildConfiguration section */

/* Begin XCConfigurationList section */
		0DFB86472944D6CE0048B6DA /* Build configuration list for PBXProject "instalite" */ = {
			isa = XCConfigurationList;
			buildConfigurations = (
				0DFB86742944D6D10048B6DA /* Debug */,
				0DFB86752944D6D10048B6DA /* Release */,
			);
			defaultConfigurationIsVisible = 0;
			defaultConfigurationName = Release;
		};
		0DFB86762944D6D10048B6DA /* Build configuration list for PBXNativeTarget "instalite" */ = {
			isa = XCConfigurationList;
			buildConfigurations = (
				0DFB86772944D6D10048B6DA /* Debug */,
				0DFB86782944D6D10048B6DA /* Release */,
			);
			defaultConfigurationIsVisible = 0;
			defaultConfigurationName = Release;
		};
		0DFB86792944D6D10048B6DA /* Build configuration list for PBXNativeTarget "instaliteTests" */ = {
			isa = XCConfigurationList;
			buildConfigurations = (
				0DFB867A2944D6D10048B6DA /* Debug */,
				0DFB867B2944D6D10048B6DA /* Release */,
			);
			defaultConfigurationIsVisible = 0;
			defaultConfigurationName = Release;
		};
		0DFB867C2944D6D10048B6DA /* Build configuration list for PBXNativeTarget "instaliteUITests" */ = {
			isa = XCConfigurationList;
			buildConfigurations = (
				0DFB867D2944D6D10048B6DA /* Debug */,
				0DFB867E2944D6D10048B6DA /* Release */,
			);
			defaultConfigurationIsVisible = 0;
			defaultConfigurationName = Release;
		};
/* End XCConfigurationList section */

/* Begin XCRemoteSwiftPackageReference section */
		0D97B4042946220D00F215D1 /* XCRemoteSwiftPackageReference "SDWebImage" */ = {
			isa = XCRemoteSwiftPackageReference;
			repositoryURL = "https://github.com/SDWebImage/SDWebImage";
			requirement = {
				kind = upToNextMajorVersion;
				minimumVersion = 5.0.0;
			};
		};
		0DFB86AC294501060048B6DA /* XCRemoteSwiftPackageReference "swift-log" */ = {
			isa = XCRemoteSwiftPackageReference;
			repositoryURL = "https://github.com/apple/swift-log.git";
			requirement = {
				kind = upToNextMajorVersion;
				minimumVersion = 1.0.0;
			};
		};
/* End XCRemoteSwiftPackageReference section */

/* Begin XCSwiftPackageProductDependency section */
		0D97B4052946220D00F215D1 /* SDWebImage */ = {
			isa = XCSwiftPackageProductDependency;
			package = 0D97B4042946220D00F215D1 /* XCRemoteSwiftPackageReference "SDWebImage" */;
			productName = SDWebImage;
		};
		0DFB86AD294501060048B6DA /* Logging */ = {
			isa = XCSwiftPackageProductDependency;
			package = 0DFB86AC294501060048B6DA /* XCRemoteSwiftPackageReference "swift-log" */;
			productName = Logging;
		};
/* End XCSwiftPackageProductDependency section */
	};
	rootObject = 0DFB86442944D6CE0048B6DA /* Project object */;
}
